<Solution>
  <Project Path="../../../../../../Desktop/OneDrive/Documentos/Projetos/ParkingSystem/ParkingSystem.Api/ParkingSystem.Api.csproj" />
  <Project Path="../../../../../../Desktop/OneDrive/Documentos/Projetos/ParkingSystem/ParkingSystem.Tests/ParkingSystem.Tests.csproj" />
  <Project Path="ParkingSystem.Application/ParkingSystem.Application.csproj" />
  <Project Path="ParkingSystem.Domain/ParkingSystem.Domain.csproj" />
  <Project Path="ParkingSystem.Infrastructure/ParkingSystem.Infrastructure.csproj" />
</Solution>
